
Microsoft Visual Studio Solution File, Format Version 12.00
# Visual Studio Version 17
VisualStudioVersion = 17.14.36401.2 d17.14
MinimumVisualStudioVersion = 10.0.40219.1
Project("{FAE04EC0-301F-11D3-BF4B-00C04F79EFBC}") = "TP1_GRUPO_1", "TP1_GRUPO_1\TP1_GRUPO_1.csproj", "{CBAF7F0B-9A56-481F-B40D-B7CA161FC85A}"
EndProject
Global
	GlobalSection(SolutionConfigurationPlatforms) = preSolution
		Debug|Any CPU = Debug|Any CPU
		Release|Any CPU = Release|Any CPU
	EndGlobalSection
	GlobalSection(ProjectConfigurationPlatforms) = postSolution
		{CBAF7F0B-9A56-481F-B40D-B7CA161FC85A}.Debug|Any CPU.ActiveCfg = Debug|Any CPU
		{CBAF7F0B-9A56-481F-B40D-B7CA161FC85A}.Debug|Any CPU.Build.0 = Debug|Any CPU
		{CBAF7F0B-9A56-481F-B40D-B7CA161FC85A}.Release|Any CPU.ActiveCfg = Release|Any CPU
		{CBAF7F0B-9A56-481F-B40D-B7CA161FC85A}.Release|Any CPU.Build.0 = Release|Any CPU
	EndGlobalSection
	GlobalSection(SolutionProperties) = preSolution
		HideSolutionNode = FALSE
	EndGlobalSection
	GlobalSection(ExtensibilityGlobals) = postSolution
		SolutionGuid = {7196A723-702A-4FE5-B638-F4431BA4EFEF}
	EndGlobalSection
EndGlobal
